
Microsoft Visual Studio Solution File, Format Version 12.00
# Visual Studio 14
VisualStudioVersion = 14.0.25420.1
MinimumVisualStudioVersion = 10.0.40219.1
Project("{2150E333-8FDC-42A3-9474-1A3956D46DE8}") = "Solution Items", "Solution Items", "{5638EC66-E385-4F38-8368-240FA7A59766}"
	ProjectSection(SolutionItems) = preProject
		WebEssentials-Settings.json = WebEssentials-Settings.json
	EndProjectSection
EndProject
Project("{2150E333-8FDC-42A3-9474-1A3956D46DE8}") = ".nuget", ".nuget", "{3C6771CC-0791-431F-8DAE-10AA777A4EED}"
	ProjectSection(SolutionItems) = preProject
		.nuget\packages.config = .nuget\packages.config
	EndProjectSection
EndProject
Project("{FAE04EC0-301F-11D3-BF4B-00C04F79EFBC}") = "Lsm", "Lsm.Generics\Lsm.csproj", "{664FA002-AEC7-45C2-9033-66B197886719}"
EndProject
Project("{FAE04EC0-301F-11D3-BF4B-00C04F79EFBC}") = "Lsm.Service.DataRepository", "Lsm.DataAccessLayer\Lsm.Service.DataRepository.csproj", "{7E8C0842-0FE6-47DE-8F70-A9533A7C5C09}"
EndProject
Project("{FAE04EC0-301F-11D3-BF4B-00C04F79EFBC}") = "Lsm.Email", "Lsm.Email\Lsm.Email.csproj", "{B0220895-DAB0-4C53-A1AE-77CA47F57970}"
EndProject
Project("{FAE04EC0-301F-11D3-BF4B-00C04F79EFBC}") = "Lsm.Files", "Lsm.Files\Lsm.Files.csproj", "{2AC6C8D2-11A0-41AC-A2A2-B8604D8D12C0}"
EndProject
Project("{FAE04EC0-301F-11D3-BF4B-00C04F79EFBC}") = "Lsm.WF.Engine.Context", "Lsm.WF.Engine.Tools.Util\Lsm.WF.Engine.Context.csproj", "{DA221C3E-0A0F-424C-AE98-48A5AD7380FD}"
EndProject
Project("{FAE04EC0-301F-11D3-BF4B-00C04F79EFBC}") = "Lsm.WF.Engine.Service.Validation", "Lsm.WF.Engine.Component.Validation\Lsm.WF.Engine.Service.Validation.csproj", "{99FC2389-0425-4BA2-BBA4-7CBFA3059B51}"
EndProject
Project("{FAE04EC0-301F-11D3-BF4B-00C04F79EFBC}") = "Lsm.WF.Engine.Service.Requisitions", "Lsm.WF.Engine.Component.Requisitions\Lsm.WF.Engine.Service.Requisitions.csproj", "{A331DB1E-E1EE-41A5-8D9C-079F98C50FCC}"
EndProject
Project("{FAE04EC0-301F-11D3-BF4B-00C04F79EFBC}") = "Lsm.WF.Engine.Service.Reports", "Lsm.WF.Engine.Component.Reports\Lsm.WF.Engine.Service.Reports.csproj", "{18AFAAF7-0DEA-49F3-935D-4047D32ED0B7}"
EndProject
Project("{FAE04EC0-301F-11D3-BF4B-00C04F79EFBC}") = "Lsm.Logger", "Lsm.Logger\Lsm.Logger.csproj", "{B68FA39F-01A8-4382-B3F6-37307186D92A}"
EndProject
Project("{FAE04EC0-301F-11D3-BF4B-00C04F79EFBC}") = "Lsm.Notify", "Lsm.Notify\Lsm.Notify.csproj", "{332DC461-5F5F-404D-8909-F96590E6B66F}"
EndProject
Project("{FAE04EC0-301F-11D3-BF4B-00C04F79EFBC}") = "Lsm.Service.Container", "Lsm.Service.Client\Lsm.Service.Container.csproj", "{B5556090-2CF0-4731-ACF9-595E887EEDE6}"
EndProject
Project("{FAE04EC0-301F-11D3-BF4B-00C04F79EFBC}") = "Lsm.Service.ShoppingCard", "Lsm.Requisitions.ShoppingCard\Lsm.Service.ShoppingCard.csproj", "{78E704D4-B1BF-4189-88EA-1A54E5BA15E7}"
EndProject
Project("{FAE04EC0-301F-11D3-BF4B-00C04F79EFBC}") = "Lsm.Web.Quota", "Lsm.Web\Lsm.Web.Quota.csproj", "{6DA356C9-5D1F-4018-9631-43AA0CDB6FCB}"
EndProject
Project("{FAE04EC0-301F-11D3-BF4B-00C04F79EFBC}") = "Lsm.WF.Engine.Service.Monitor", "Lsm.WF.Engine.Component.Monitor\Lsm.WF.Engine.Service.Monitor.csproj", "{771B5229-3AA8-40E8-B2C0-2A4587C4CDBE}"
EndProject
Project("{FAE04EC0-301F-11D3-BF4B-00C04F79EFBC}") = "Lsm.Service.DataRepository.Tests", "Lsm.Tests\Lsm.Service.DataRepository.Tests.csproj", "{E5A5B02B-6C5A-4973-9354-F94EA28E109C}"
EndProject
Project("{FAE04EC0-301F-11D3-BF4B-00C04F79EFBC}") = "Lsm.WF.Engine.Service.Calculations", "Lsm.WF.Engine.Component.Calculations\Lsm.WF.Engine.Service.Calculations.csproj", "{9A53438B-EFB5-4617-9EAA-3A1A0805E5AC}"
EndProject
Project("{FAE04EC0-301F-11D3-BF4B-00C04F79EFBC}") = "Lsm.Annotations", "Lsm.Annotations\Lsm.Annotations.csproj", "{FF0E45F2-1DC7-483D-89F8-09006C6B35EA}"
EndProject
Project("{2150E333-8FDC-42A3-9474-1A3956D46DE8}") = "src", "src", "{BB1F53C4-5F1E-4886-A3DF-902F933FC50B}"
EndProject
Project("{2150E333-8FDC-42A3-9474-1A3956D46DE8}") = "Tests", "Tests", "{87E89F4A-C1CD-4734-928E-DB4263D7B3AD}"
EndProject
Project("{2150E333-8FDC-42A3-9474-1A3956D46DE8}") = "Trash", "Trash", "{65C333A3-8A1A-4018-AE6D-471181C3B11D}"
	ProjectSection(SolutionItems) = preProject
		Lsm.Web\Models\Requisitions\CircuitRequisitionViewModel.cs = Lsm.Web\Models\Requisitions\CircuitRequisitionViewModel.cs
		Lsm.Web\Models\Requisitions\RequisitionsViewModel.cs = Lsm.Web\Models\Requisitions\RequisitionsViewModel.cs
	EndProjectSection
EndProject
Project("{2150E333-8FDC-42A3-9474-1A3956D46DE8}") = "Views", "Views", "{2EF317CF-5ADC-4B84-8704-A11C3AC4BAAE}"
	ProjectSection(SolutionItems) = preProject
		Lsm.Web\Views\Home\__contdtPubHd.cshtml = Lsm.Web\Views\Home\__contdtPubHd.cshtml
		Lsm.Web\Views\Home\_communityHall.cshtml = Lsm.Web\Views\Home\_communityHall.cshtml
		Lsm.Web\Views\Home\_emisContactVM.cshtml = Lsm.Web\Views\Home\_emisContactVM.cshtml
		Lsm.Web\Views\Home\_NotificationBoardTermFilter.cshtml = Lsm.Web\Views\Home\_NotificationBoardTermFilter.cshtml
		Lsm.Web\Views\Requisitions\_order_category_list.cshtml = Lsm.Web\Views\Requisitions\_order_category_list.cshtml
		Lsm.Web\Views\Requisitions\_OrderPerGradeDashboardPartialView.cshtml = Lsm.Web\Views\Requisitions\_OrderPerGradeDashboardPartialView.cshtml
		Lsm.Web\Views\Home\_pv_circularnotificationfeed.cshtml = Lsm.Web\Views\Home\_pv_circularnotificationfeed.cshtml
		Lsm.Web\Views\Requisitions\_pvrq_addtocardrform.cshtml = Lsm.Web\Views\Requisitions\_pvrq_addtocardrform.cshtml
		Lsm.Web\Views\Requisitions\_pvrq_catalogue_resultset.cshtml = Lsm.Web\Views\Requisitions\_pvrq_catalogue_resultset.cshtml
		Lsm.Web\Views\Home\_pvrq_contact.cshtml = Lsm.Web\Views\Home\_pvrq_contact.cshtml
		Lsm.Web\Views\Requisitions\_pvrq_ErrorMessage.cshtml = Lsm.Web\Views\Requisitions\_pvrq_ErrorMessage.cshtml
		Lsm.Web\Views\Requisitions\_pvrq_pinnedbookmarks.cshtml = Lsm.Web\Views\Requisitions\_pvrq_pinnedbookmarks.cshtml
		Lsm.Web\Views\Requisitions\_pvrq_shopping_card.cshtml = Lsm.Web\Views\Requisitions\_pvrq_shopping_card.cshtml
		Lsm.Web\Views\Home\_pvrq_WebSearchResults.cshtml = Lsm.Web\Views\Home\_pvrq_WebSearchResults.cshtml
		Lsm.Web\Views\Home\_pvwlnr_returnlist.cshtml = Lsm.Web\Views\Home\_pvwlnr_returnlist.cshtml
		Lsm.Web\Views\Requisitions\_Requisition_Categories.cshtml = Lsm.Web\Views\Requisitions\_Requisition_Categories.cshtml
		Lsm.Web\Views\Requisitions\_submissionErrorResults.cshtml = Lsm.Web\Views\Requisitions\_submissionErrorResults.cshtml
		Lsm.Web\Views\Requisitions\Index.cshtml = Lsm.Web\Views\Requisitions\Index.cshtml
		Lsm.Web\Views\Requisitions\op_rq.cshtml = Lsm.Web\Views\Requisitions\op_rq.cshtml
		Lsm.Web\Views\Requisitions\OpenCatalogueItem.cshtml = Lsm.Web\Views\Requisitions\OpenCatalogueItem.cshtml
		Lsm.Web\Views\Requisitions\Rqinst_rq.cshtml = Lsm.Web\Views\Requisitions\Rqinst_rq.cshtml
	EndProjectSection
EndProject
Project("{FAE04EC0-301F-11D3-BF4B-00C04F79EFBC}") = "Lsm.WF.Engine.Service.Orders", "Lsm.WF.Engine.Component.Orders\Lsm.WF.Engine.Service.Orders.csproj", "{BA7C79C7-4414-4AC2-A434-5713684AF921}"
EndProject
Project("{FAE04EC0-301F-11D3-BF4B-00C04F79EFBC}") = "Lsm.WF.Engine", "Lsm.WF.Engine.Svc\Lsm.WF.Engine.csproj", "{EC31E6F3-E9DD-4F6E-AB12-7BC94A3D0682}"
EndProject
Global
	GlobalSection(SolutionConfigurationPlatforms) = preSolution
		Debug|Any CPU = Debug|Any CPU
		Release|Any CPU = Release|Any CPU
	EndGlobalSection
	GlobalSection(ProjectConfigurationPlatforms) = postSolution
		{664FA002-AEC7-45C2-9033-66B197886719}.Debug|Any CPU.ActiveCfg = Debug|Any CPU
		{664FA002-AEC7-45C2-9033-66B197886719}.Debug|Any CPU.Build.0 = Debug|Any CPU
		{664FA002-AEC7-45C2-9033-66B197886719}.Release|Any CPU.ActiveCfg = Release|Any CPU
		{664FA002-AEC7-45C2-9033-66B197886719}.Release|Any CPU.Build.0 = Release|Any CPU
		{7E8C0842-0FE6-47DE-8F70-A9533A7C5C09}.Debug|Any CPU.ActiveCfg = Debug|Any CPU
		{7E8C0842-0FE6-47DE-8F70-A9533A7C5C09}.Debug|Any CPU.Build.0 = Debug|Any CPU
		{7E8C0842-0FE6-47DE-8F70-A9533A7C5C09}.Release|Any CPU.ActiveCfg = Release|Any CPU
		{7E8C0842-0FE6-47DE-8F70-A9533A7C5C09}.Release|Any CPU.Build.0 = Release|Any CPU
		{B0220895-DAB0-4C53-A1AE-77CA47F57970}.Debug|Any CPU.ActiveCfg = Debug|Any CPU
		{B0220895-DAB0-4C53-A1AE-77CA47F57970}.Debug|Any CPU.Build.0 = Debug|Any CPU
		{B0220895-DAB0-4C53-A1AE-77CA47F57970}.Release|Any CPU.ActiveCfg = Release|Any CPU
		{B0220895-DAB0-4C53-A1AE-77CA47F57970}.Release|Any CPU.Build.0 = Release|Any CPU
		{2AC6C8D2-11A0-41AC-A2A2-B8604D8D12C0}.Debug|Any CPU.ActiveCfg = Debug|Any CPU
		{2AC6C8D2-11A0-41AC-A2A2-B8604D8D12C0}.Debug|Any CPU.Build.0 = Debug|Any CPU
		{2AC6C8D2-11A0-41AC-A2A2-B8604D8D12C0}.Release|Any CPU.ActiveCfg = Release|Any CPU
		{2AC6C8D2-11A0-41AC-A2A2-B8604D8D12C0}.Release|Any CPU.Build.0 = Release|Any CPU
		{DA221C3E-0A0F-424C-AE98-48A5AD7380FD}.Debug|Any CPU.ActiveCfg = Debug|Any CPU
		{DA221C3E-0A0F-424C-AE98-48A5AD7380FD}.Debug|Any CPU.Build.0 = Debug|Any CPU
		{DA221C3E-0A0F-424C-AE98-48A5AD7380FD}.Release|Any CPU.ActiveCfg = Release|Any CPU
		{DA221C3E-0A0F-424C-AE98-48A5AD7380FD}.Release|Any CPU.Build.0 = Release|Any CPU
		{99FC2389-0425-4BA2-BBA4-7CBFA3059B51}.Debug|Any CPU.ActiveCfg = Debug|Any CPU
		{99FC2389-0425-4BA2-BBA4-7CBFA3059B51}.Debug|Any CPU.Build.0 = Debug|Any CPU
		{99FC2389-0425-4BA2-BBA4-7CBFA3059B51}.Release|Any CPU.ActiveCfg = Release|Any CPU
		{99FC2389-0425-4BA2-BBA4-7CBFA3059B51}.Release|Any CPU.Build.0 = Release|Any CPU
		{A331DB1E-E1EE-41A5-8D9C-079F98C50FCC}.Debug|Any CPU.ActiveCfg = Debug|Any CPU
		{A331DB1E-E1EE-41A5-8D9C-079F98C50FCC}.Debug|Any CPU.Build.0 = Debug|Any CPU
		{A331DB1E-E1EE-41A5-8D9C-079F98C50FCC}.Release|Any CPU.ActiveCfg = Release|Any CPU
		{A331DB1E-E1EE-41A5-8D9C-079F98C50FCC}.Release|Any CPU.Build.0 = Release|Any CPU
		{18AFAAF7-0DEA-49F3-935D-4047D32ED0B7}.Debug|Any CPU.ActiveCfg = Debug|Any CPU
		{18AFAAF7-0DEA-49F3-935D-4047D32ED0B7}.Debug|Any CPU.Build.0 = Debug|Any CPU
		{18AFAAF7-0DEA-49F3-935D-4047D32ED0B7}.Release|Any CPU.ActiveCfg = Release|Any CPU
		{18AFAAF7-0DEA-49F3-935D-4047D32ED0B7}.Release|Any CPU.Build.0 = Release|Any CPU
		{B68FA39F-01A8-4382-B3F6-37307186D92A}.Debug|Any CPU.ActiveCfg = Debug|Any CPU
		{B68FA39F-01A8-4382-B3F6-37307186D92A}.Debug|Any CPU.Build.0 = Debug|Any CPU
		{B68FA39F-01A8-4382-B3F6-37307186D92A}.Release|Any CPU.ActiveCfg = Release|Any CPU
		{B68FA39F-01A8-4382-B3F6-37307186D92A}.Release|Any CPU.Build.0 = Release|Any CPU
		{332DC461-5F5F-404D-8909-F96590E6B66F}.Debug|Any CPU.ActiveCfg = Debug|Any CPU
		{332DC461-5F5F-404D-8909-F96590E6B66F}.Debug|Any CPU.Build.0 = Debug|Any CPU
		{332DC461-5F5F-404D-8909-F96590E6B66F}.Release|Any CPU.ActiveCfg = Release|Any CPU
		{332DC461-5F5F-404D-8909-F96590E6B66F}.Release|Any CPU.Build.0 = Release|Any CPU
		{B5556090-2CF0-4731-ACF9-595E887EEDE6}.Debug|Any CPU.ActiveCfg = Debug|Any CPU
		{B5556090-2CF0-4731-ACF9-595E887EEDE6}.Debug|Any CPU.Build.0 = Debug|Any CPU
		{B5556090-2CF0-4731-ACF9-595E887EEDE6}.Release|Any CPU.ActiveCfg = Release|Any CPU
		{B5556090-2CF0-4731-ACF9-595E887EEDE6}.Release|Any CPU.Build.0 = Release|Any CPU
		{78E704D4-B1BF-4189-88EA-1A54E5BA15E7}.Debug|Any CPU.ActiveCfg = Debug|Any CPU
		{78E704D4-B1BF-4189-88EA-1A54E5BA15E7}.Debug|Any CPU.Build.0 = Debug|Any CPU
		{78E704D4-B1BF-4189-88EA-1A54E5BA15E7}.Release|Any CPU.ActiveCfg = Release|Any CPU
		{78E704D4-B1BF-4189-88EA-1A54E5BA15E7}.Release|Any CPU.Build.0 = Release|Any CPU
		{6DA356C9-5D1F-4018-9631-43AA0CDB6FCB}.Debug|Any CPU.ActiveCfg = Debug|Any CPU
		{6DA356C9-5D1F-4018-9631-43AA0CDB6FCB}.Debug|Any CPU.Build.0 = Debug|Any CPU
		{6DA356C9-5D1F-4018-9631-43AA0CDB6FCB}.Release|Any CPU.ActiveCfg = Release|Any CPU
		{6DA356C9-5D1F-4018-9631-43AA0CDB6FCB}.Release|Any CPU.Build.0 = Release|Any CPU
		{771B5229-3AA8-40E8-B2C0-2A4587C4CDBE}.Debug|Any CPU.ActiveCfg = Debug|Any CPU
		{771B5229-3AA8-40E8-B2C0-2A4587C4CDBE}.Debug|Any CPU.Build.0 = Debug|Any CPU
		{771B5229-3AA8-40E8-B2C0-2A4587C4CDBE}.Release|Any CPU.ActiveCfg = Release|Any CPU
		{771B5229-3AA8-40E8-B2C0-2A4587C4CDBE}.Release|Any CPU.Build.0 = Release|Any CPU
		{E5A5B02B-6C5A-4973-9354-F94EA28E109C}.Debug|Any CPU.ActiveCfg = Debug|Any CPU
		{E5A5B02B-6C5A-4973-9354-F94EA28E109C}.Debug|Any CPU.Build.0 = Debug|Any CPU
		{E5A5B02B-6C5A-4973-9354-F94EA28E109C}.Release|Any CPU.ActiveCfg = Release|Any CPU
		{E5A5B02B-6C5A-4973-9354-F94EA28E109C}.Release|Any CPU.Build.0 = Release|Any CPU
		{9A53438B-EFB5-4617-9EAA-3A1A0805E5AC}.Debug|Any CPU.ActiveCfg = Debug|Any CPU
		{9A53438B-EFB5-4617-9EAA-3A1A0805E5AC}.Debug|Any CPU.Build.0 = Debug|Any CPU
		{9A53438B-EFB5-4617-9EAA-3A1A0805E5AC}.Release|Any CPU.ActiveCfg = Release|Any CPU
		{9A53438B-EFB5-4617-9EAA-3A1A0805E5AC}.Release|Any CPU.Build.0 = Release|Any CPU
		{FF0E45F2-1DC7-483D-89F8-09006C6B35EA}.Debug|Any CPU.ActiveCfg = Debug|Any CPU
		{FF0E45F2-1DC7-483D-89F8-09006C6B35EA}.Debug|Any CPU.Build.0 = Debug|Any CPU
		{FF0E45F2-1DC7-483D-89F8-09006C6B35EA}.Release|Any CPU.ActiveCfg = Release|Any CPU
		{FF0E45F2-1DC7-483D-89F8-09006C6B35EA}.Release|Any CPU.Build.0 = Release|Any CPU
		{BA7C79C7-4414-4AC2-A434-5713684AF921}.Debug|Any CPU.ActiveCfg = Debug|Any CPU
		{BA7C79C7-4414-4AC2-A434-5713684AF921}.Debug|Any CPU.Build.0 = Debug|Any CPU
		{BA7C79C7-4414-4AC2-A434-5713684AF921}.Release|Any CPU.ActiveCfg = Release|Any CPU
		{BA7C79C7-4414-4AC2-A434-5713684AF921}.Release|Any CPU.Build.0 = Release|Any CPU
		{EC31E6F3-E9DD-4F6E-AB12-7BC94A3D0682}.Debug|Any CPU.ActiveCfg = Debug|Any CPU
		{EC31E6F3-E9DD-4F6E-AB12-7BC94A3D0682}.Debug|Any CPU.Build.0 = Debug|Any CPU
		{EC31E6F3-E9DD-4F6E-AB12-7BC94A3D0682}.Release|Any CPU.ActiveCfg = Release|Any CPU
		{EC31E6F3-E9DD-4F6E-AB12-7BC94A3D0682}.Release|Any CPU.Build.0 = Release|Any CPU
	EndGlobalSection
	GlobalSection(SolutionProperties) = preSolution
		HideSolutionNode = FALSE
	EndGlobalSection
	GlobalSection(NestedProjects) = preSolution
		{664FA002-AEC7-45C2-9033-66B197886719} = {BB1F53C4-5F1E-4886-A3DF-902F933FC50B}
		{7E8C0842-0FE6-47DE-8F70-A9533A7C5C09} = {BB1F53C4-5F1E-4886-A3DF-902F933FC50B}
		{B0220895-DAB0-4C53-A1AE-77CA47F57970} = {BB1F53C4-5F1E-4886-A3DF-902F933FC50B}
		{2AC6C8D2-11A0-41AC-A2A2-B8604D8D12C0} = {BB1F53C4-5F1E-4886-A3DF-902F933FC50B}
		{DA221C3E-0A0F-424C-AE98-48A5AD7380FD} = {BB1F53C4-5F1E-4886-A3DF-902F933FC50B}
		{99FC2389-0425-4BA2-BBA4-7CBFA3059B51} = {BB1F53C4-5F1E-4886-A3DF-902F933FC50B}
		{A331DB1E-E1EE-41A5-8D9C-079F98C50FCC} = {BB1F53C4-5F1E-4886-A3DF-902F933FC50B}
		{18AFAAF7-0DEA-49F3-935D-4047D32ED0B7} = {BB1F53C4-5F1E-4886-A3DF-902F933FC50B}
		{B68FA39F-01A8-4382-B3F6-37307186D92A} = {BB1F53C4-5F1E-4886-A3DF-902F933FC50B}
		{332DC461-5F5F-404D-8909-F96590E6B66F} = {BB1F53C4-5F1E-4886-A3DF-902F933FC50B}
		{B5556090-2CF0-4731-ACF9-595E887EEDE6} = {BB1F53C4-5F1E-4886-A3DF-902F933FC50B}
		{78E704D4-B1BF-4189-88EA-1A54E5BA15E7} = {BB1F53C4-5F1E-4886-A3DF-902F933FC50B}
		{6DA356C9-5D1F-4018-9631-43AA0CDB6FCB} = {BB1F53C4-5F1E-4886-A3DF-902F933FC50B}
		{771B5229-3AA8-40E8-B2C0-2A4587C4CDBE} = {BB1F53C4-5F1E-4886-A3DF-902F933FC50B}
		{E5A5B02B-6C5A-4973-9354-F94EA28E109C} = {87E89F4A-C1CD-4734-928E-DB4263D7B3AD}
		{9A53438B-EFB5-4617-9EAA-3A1A0805E5AC} = {BB1F53C4-5F1E-4886-A3DF-902F933FC50B}
		{FF0E45F2-1DC7-483D-89F8-09006C6B35EA} = {BB1F53C4-5F1E-4886-A3DF-902F933FC50B}
		{2EF317CF-5ADC-4B84-8704-A11C3AC4BAAE} = {65C333A3-8A1A-4018-AE6D-471181C3B11D}
		{BA7C79C7-4414-4AC2-A434-5713684AF921} = {BB1F53C4-5F1E-4886-A3DF-902F933FC50B}
		{EC31E6F3-E9DD-4F6E-AB12-7BC94A3D0682} = {BB1F53C4-5F1E-4886-A3DF-902F933FC50B}
	EndGlobalSection
EndGlobal
